
Microsoft Visual Studio Solution File, Format Version 12.00
# Visual Studio Version 17
VisualStudioVersion = 17.13.35818.85 d17.13
MinimumVisualStudioVersion = 10.0.40219.1
Project("{FAE04EC0-301F-11D3-BF4B-00C04F79EFBC}") = "Server", "Server\Server.csproj", "{8A27B3F4-337E-455E-A9D4-1B80DD25CE72}"
EndProject
Global
	GlobalSection(SolutionConfigurationPlatforms) = preSolution
		Debug|Any CPU = Debug|Any CPU
		Release|Any CPU = Release|Any CPU
	EndGlobalSection
	GlobalSection(ProjectConfigurationPlatforms) = postSolution
		{8A27B3F4-337E-455E-A9D4-1B80DD25CE72}.Debug|Any CPU.ActiveCfg = Debug|Any CPU
		{8A27B3F4-337E-455E-A9D4-1B80DD25CE72}.Debug|Any CPU.Build.0 = Debug|Any CPU
		{8A27B3F4-337E-455E-A9D4-1B80DD25CE72}.Release|Any CPU.ActiveCfg = Release|Any CPU
		{8A27B3F4-337E-455E-A9D4-1B80DD25CE72}.Release|Any CPU.Build.0 = Release|Any CPU
	EndGlobalSection
	GlobalSection(SolutionProperties) = preSolution
		HideSolutionNode = FALSE
	EndGlobalSection
	GlobalSection(ExtensibilityGlobals) = postSolution
		SolutionGuid = {C2924F5E-BDDF-43D9-AFA9-70A8A31231BF}
	EndGlobalSection
EndGlobal
